github.com/errz99/Tablam v0.0.0-20230330151722-1c65a59acdea h1:DZbazD5eLEqI+z3nPFeP0KOfsUOZjNgjwgeMbBF1Fm8=
github.com/errz99/Tablam v0.0.0-20230330151722-1c65a59acdea/go.mod h1:wQ6n9Rv3u0vqenUU//w3LHzmxRKE/EFpSx+WxhMMzj0=
github.com/gotk3/gotk3 v0.6.1 h1:GJ400a0ecEEWrzjBvzBzH+pB/esEMIGdB9zPSmBdoeo=
github.com/gotk3/gotk3 v0.6.1/go.mod h1:/hqFpkNa9T3JgNAE2fLvCdov7c5bw//FHNZrZ3Uv9/Q=
